// !$*UTF8*$!
{
	archiveVersion = 1;
	classes = {
	};
	objectVersion = 46;
	objects = {

/* Begin PBXBuildFile section */
		F983B9081C4898440054CF68 /* AppDelegate.swift in Sources */ = {isa = PBXBuildFile; fileRef = F983B9071C4898440054CF68 /* AppDelegate.swift */; };
		F983B90A1C4898440054CF68 /* ViewController.swift in Sources */ = {isa = PBXBuildFile; fileRef = F983B9091C4898440054CF68 /* ViewController.swift */; };
		F983B90D1C4898440054CF68 /* Main.storyboard in Resources */ = {isa = PBXBuildFile; fileRef = F983B90B1C4898440054CF68 /* Main.storyboard */; };
		F983B90F1C4898440054CF68 /* Assets.xcassets in Resources */ = {isa = PBXBuildFile; fileRef = F983B90E1C4898440054CF68 /* Assets.xcassets */; };
		F983B9121C4898440054CF68 /* LaunchScreen.storyboard in Resources */ = {isa = PBXBuildFile; fileRef = F983B9101C4898440054CF68 /* LaunchScreen.storyboard */; };
/* End PBXBuildFile section */

/* Begin PBXFileReference section */
		F983B9041C4898440054CF68 /* DontEatPete.app */ = {isa = PBXFileReference; explicitFileType = wrapper.application; includeInIndex = 0; path = DontEatPete.app; sourceTree = BUILT_PRODUCTS_DIR; };
		F983B9071C4898440054CF68 /* AppDelegate.swift */ = {isa = PBXFileReference; lastKnownFileType = sourcecode.swift; path = AppDelegate.swift; sourceTree = "<group>"; };
		F983B9091C4898440054CF68 /* ViewController.swift */ = {isa = PBXFileReference; lastKnownFileType = sourcecode.swift; path = ViewController.swift; sourceTree = "<group>"; };
		F983B90C1C4898440054CF68 /* Base */ = {isa = PBXFileReference; lastKnownFileType = file.storyboard; name = Base; path = Base.lproj/Main.storyboard; sourceTree = "<group>"; };
		F983B90E1C4898440054CF68 /* Assets.xcassets */ = {isa = PBXFileReference; lastKnownFileType = folder.assetcatalog; path = Assets.xcassets; sourceTree = "<group>"; };
		F983B9111C4898440054CF68 /* Base */ = {isa = PBXFileReference; lastKnownFileType = file.storyboard; name = Base; path = Base.lproj/LaunchScreen.storyboard; sourceTree = "<group>"; };
		F983B9131C4898440054CF68 /* Info.plist */ = {isa = PBXFileReference; lastKnownFileType = text.plist.xml; path = Info.plist; sourceTree = "<group>"; };
/* End PBXFileReference section */

/* Begin PBXFrameworksBuildPhase section */
		F983B9011C4898440054CF68 /* Frameworks */ = {
			isa = PBXFrameworksBuildPhase;
			buildActionMask = 2147483647;
			files = (
			);
			runOnlyForDeploymentPostprocessing = 0;
		};
/* End PBXFrameworksBuildPhase section */

/* Begin PBXGroup section */
		F983B8FB1C4898430054CF68 = {
			isa = PBXGroup;
			children = (
				F983B9061C4898440054CF68 /* DontEatPete */,
				F983B9051C4898440054CF68 /* Products */,
			);
			sourceTree = "<group>";
		};
		F983B9051C4898440054CF68 /* Products */ = {
			isa = PBXGroup;
			children = (
				F983B9041C4898440054CF68 /* DontEatPete.app */,
			);
			name = Products;
			sourceTree = "<group>";
		};
		F983B9061C4898440054CF68 /* DontEatPete */ = {
			isa = PBXGroup;
			children = (
				F983B9071C4898440054CF68 /* AppDelegate.swift */,
				F983B9091C4898440054CF68 /* ViewController.swift */,
				F983B90B1C4898440054CF68 /* Main.storyboard */,
				F983B90E1C4898440054CF68 /* Assets.xcassets */,
				F983B9101C4898440054CF68 /* LaunchScreen.storyboard */,
				F983B9131C4898440054CF68 /* Info.plist */,
			);
			path = DontEatPete;
			sourceTree = "<group>";
		};
/* End PBXGroup section */

/* Begin PBXNativeTarget section */
		F983B9031C4898440054CF68 /* DontEatPete */ = {
			isa = PBXNativeTarget;
			buildConfigurationList = F983B9161C4898440054CF68 /* Build configuration list for PBXNativeTarget "DontEatPete" */;
			buildPhases = (
				F983B9001C4898440054CF68 /* Sources */,
				F983B9011C4898440054CF68 /* Frameworks */,
				F983B9021C4898440054CF68 /* Resources */,
			);
			buildRules = (
			);
			dependencies = (
			);
			name = DontEatPete;
			productName = DontEatPete;
			productReference = F983B9041C4898440054CF68 /* DontEatPete.app */;
			productType = "com.apple.product-type.application";
		};
/* End PBXNativeTarget section */

/* Begin PBXProject section */
		F983B8FC1C4898430054CF68 /* Project object */ = {
			isa = PBXProject;
			attributes = {
				LastSwiftUpdateCheck = 0720;
				LastUpgradeCheck = 0720;
				ORGANIZATIONNAME = "Jonny B";
				TargetAttributes = {
					F983B9031C4898440054CF68 = {
						CreatedOnToolsVersion = 7.2;
					};
				};
			};
			buildConfigurationList = F983B8FF1C4898430054CF68 /* Build configuration list for PBXProject "DontEatPete" */;
			compatibilityVersion = "Xcode 3.2";
			developmentRegion = English;
			hasScannedForEncodings = 0;
			knownRegions = (
				en,
				Base,
			);
			mainGroup = F983B8FB1C4898430054CF68;
			productRefGroup = F983B9051C4898440054CF68 /* Products */;
			projectDirPath = "";
			projectRoot = "";
			targets = (
				F983B9031C4898440054CF68 /* DontEatPete */,
			);
		};
/* End PBXProject section */

/* Begin PBXResourcesBuildPhase section */
		F983B9021C4898440054CF68 /* Resources */ = {
			isa = PBXResourcesBuildPhase;
			buildActionMask = 2147483647;
			files = (
				F983B9121C4898440054CF68 /* LaunchScreen.storyboard in Resources */,
				F983B90F1C4898440054CF68 /* Assets.xcassets in Resources */,
				F983B90D1C4898440054CF68 /* Main.storyboard in Resources */,
			);
			runOnlyForDeploymentPostprocessing = 0;
		};
/* End PBXResourcesBuildPhase section */

/* Begin PBXSourcesBuildPhase section */
		F983B9001C4898440054CF68 /* Sources */ = {
			isa = PBXSourcesBuildPhase;
			buildActionMask = 2147483647;
			files = (
				F983B90A1C4898440054CF68 /* ViewController.swift in Sources */,
				F983B9081C4898440054CF68 /* AppDelegate.swift in Sources */,
			);
			runOnlyForDeploymentPostprocessing = 0;
		};
/* End PBXSourcesBuildPhase section */

/* Begin PBXVariantGroup section */
		F983B90B1C4898440054CF68 /* Main.storyboard */ = {
			isa = PBXVariantGroup;
			children = (
				F983B90C1C4898440054CF68 /* Base */,
			);
			name = Main.storyboard;
			sourceTree = "<group>";
		};
		F983B9101C4898440054CF68 /* LaunchScreen.storyboard */ = {
			isa = PBXVariantGroup;
			children = (
				F983B9111C4898440054CF68 /* Base */,
			);
			name = LaunchScreen.storyboard;
			sourceTree = "<group>";
		};
/* End PBXVariantGroup section */

/* Begin XCBuildConfiguration section */
		F983B9141C4898440054CF68 /* Debug */ = {
			isa = XCBuildConfiguration;
			buildSettings = {
				ALWAYS_SEARCH_USER_PATHS = NO;
				CLANG_CXX_LANGUAGE_STANDARD = "gnu++0x";
				CLANG_CXX_LIBRARY = "libc++";
				CLANG_ENABLE_MODULES = YES;
				CLANG_ENABLE_OBJC_ARC = YES;
				CLANG_WARN_BOOL_CONVERSION = YES;
				CLANG_WARN_CONSTANT_CONVERSION = YES;
				CLANG_WARN_DIRECT_OBJC_ISA_USAGE = YES_ERROR;
				CLANG_WARN_EMPTY_BODY = YES;
				CLANG_WARN_ENUM_CONVERSION = YES;
				CLANG_WARN_INT_CONVERSION = YES;
				CLANG_WARN_OBJC_ROOT_CLASS = YES_ERROR;
				CLANG_WARN_UNREACHABLE_CODE = YES;
				CLANG_WARN__DUPLICATE_METHOD_MATCH = YES;
				"CODE_SIGN_IDENTITY[sdk=iphoneos*]" = "iPhone Developer";
				COPY_PHASE_STRIP = NO;
				DEBUG_INFORMATION_FORMAT = dwarf;
				ENABLE_STRICT_OBJC_MSGSEND = YES;
				ENABLE_TESTABILITY = YES;
				GCC_C_LANGUAGE_STANDARD = gnu99;
				GCC_DYNAMIC_NO_PIC = NO;
				GCC_NO_COMMON_BLOCKS = YES;
				GCC_OPTIMIZATION_LEVEL = 0;
				GCC_PREPROCESSOR_DEFINITIONS = (
					"DEBUG=1",
					"$(inherited)",
				);
				GCC_WARN_64_TO_32_BIT_CONVERSION = YES;
				GCC_WARN_ABOUT_RETURN_TYPE = YES_ERROR;
				GCC_WARN_UNDECLARED_SELECTOR = YES;
				GCC_WARN_UNINITIALIZED_AUTOS = YES_AGGRESSIVE;
				GCC_WARN_UNUSED_FUNCTION = YES;
				GCC_WARN_UNUSED_VARIABLE = YES;
				IPHONEOS_DEPLOYMENT_TARGET = 9.2;
				MTL_ENABLE_DEBUG_INFO = YES;
				ONLY_ACTIVE_ARCH = YES;
				SDKROOT = iphoneos;
				SWIFT_OPTIMIZATION_LEVEL = "-Onone";
			};
			name = Debug;
		};
		F983B9151C4898440054CF68 /* Release */ = {
			isa = XCBuildConfiguration;
			buildSettings = {
				ALWAYS_SEARCH_USER_PATHS = NO;
				CLANG_CXX_LANGUAGE_STANDARD = "gnu++0x";
				CLANG_CXX_LIBRARY = "libc++";
				CLANG_ENABLE_MODULES = YES;
				CLANG_ENABLE_OBJC_ARC = YES;
				CLANG_WARN_BOOL_CONVERSION = YES;
				CLANG_WARN_CONSTANT_CONVERSION = YES;
				CLANG_WARN_DIRECT_OBJC_ISA_USAGE = YES_ERROR;
				CLANG_WARN_EMPTY_BODY = YES;
				CLANG_WARN_ENUM_CONVERSION = YES;
				CLANG_WARN_INT_CONVERSION = YES;
				CLANG_WARN_OBJC_ROOT_CLASS = YES_ERROR;
				CLANG_WARN_UNREACHABLE_CODE = YES;
				CLANG_WARN__DUPLICATE_METHOD_MATCH = YES;
				"CODE_SIGN_IDENTITY[sdk=iphoneos*]" = "iPhone Developer";
				COPY_PHASE_STRIP = NO;
				DEBUG_INFORMATION_FORMAT = "dwarf-with-dsym";
				ENABLE_NS_ASSERTIONS = NO;
				ENABLE_STRICT_OBJC_MSGSEND = YES;
				GCC_C_LANGUAGE_STANDARD = gnu99;
				GCC_NO_COMMON_BLOCKS = YES;
				GCC_WARN_64_TO_32_BIT_CONVERSION = YES;
				GCC_WARN_ABOUT_RETURN_TYPE = YES_ERROR;
				GCC_WARN_UNDECLARED_SELECTOR = YES;
				GCC_WARN_UNINITIALIZED_AUTOS = YES_AGGRESSIVE;
				GCC_WARN_UNUSED_FUNCTION = YES;
				GCC_WARN_UNUSED_VARIABLE = YES;
				IPHONEOS_DEPLOYMENT_TARGET = 9.2;
				MTL_ENABLE_DEBUG_INFO = NO;
				SDKROOT = iphoneos;
				VALIDATE_PRODUCT = YES;
			};
			name = Release;
		};
		F983B9171C4898440054CF68 /* Debug */ = {
			isa = XCBuildConfiguration;
			buildSettings = {
				ASSETCATALOG_COMPILER_APPICON_NAME = AppIcon;
				INFOPLIST_FILE = DontEatPete/Info.plist;
				LD_RUNPATH_SEARCH_PATHS = "$(inherited) @executable_path/Frameworks";
				PRODUCT_BUNDLE_IDENTIFIER = self.edu.jonathan.DontEatPete;
				PRODUCT_NAME = "$(TARGET_NAME)";
			};
			name = Debug;
		};
		F983B9181C4898440054CF68 /* Release */ = {
			isa = XCBuildConfiguration;
			buildSettings = {
				ASSETCATALOG_COMPILER_APPICON_NAME = AppIcon;
				INFOPLIST_FILE = DontEatPete/Info.plist;
				LD_RUNPATH_SEARCH_PATHS = "$(inherited) @executable_path/Frameworks";
				PRODUCT_BUNDLE_IDENTIFIER = self.edu.jonathan.DontEatPete;
				PRODUCT_NAME = "$(TARGET_NAME)";
			};
			name = Release;
		};
/* End XCBuildConfiguration section */

/* Begin XCConfigurationList section */
		F983B8FF1C4898430054CF68 /* Build configuration list for PBXProject "DontEatPete" */ = {
			isa = XCConfigurationList;
			buildConfigurations = (
				F983B9141C4898440054CF68 /* Debug */,
				F983B9151C4898440054CF68 /* Release */,
			);
			defaultConfigurationIsVisible = 0;
			defaultConfigurationName = Release;
		};
		F983B9161C4898440054CF68 /* Build configuration list for PBXNativeTarget "DontEatPete" */ = {
			isa = XCConfigurationList;
			buildConfigurations = (
				F983B9171C4898440054CF68 /* Debug */,
				F983B9181C4898440054CF68 /* Release */,
			);
			defaultConfigurationIsVisible = 0;
		};
/* End XCConfigurationList section */
	};
	rootObject = F983B8FC1C4898430054CF68 /* Project object */;
}
